
Microsoft Visual Studio Solution File, Format Version 12.00
# Visual Studio Version 17
VisualStudioVersion = 17.7.33927.210
MinimumVisualStudioVersion = 10.0.40219.1
Project("{9A19103F-16F7-4668-BE54-9A1E7A4F7556}") = "WebApplication1", "WebApplication1\WebApplication1.csproj", "{31586A3A-403F-4708-8AB3-98BDD2464FA2}"
EndProject
Project("{FAE04EC0-301F-11D3-BF4B-00C04F79EFBC}") = "WebApplication2_Razor_Pages", "WebApplication2_Razor_Pages\WebApplication2_Razor_Pages.csproj", "{DA4E713B-375E-4927-BCBA-CD70A9F86E16}"
EndProject
Global
	GlobalSection(SolutionConfigurationPlatforms) = preSolution
		Debug|Any CPU = Debug|Any CPU
		Release|Any CPU = Release|Any CPU
	EndGlobalSection
	GlobalSection(ProjectConfigurationPlatforms) = postSolution
		{31586A3A-403F-4708-8AB3-98BDD2464FA2}.Debug|Any CPU.ActiveCfg = Debug|Any CPU
		{31586A3A-403F-4708-8AB3-98BDD2464FA2}.Debug|Any CPU.Build.0 = Debug|Any CPU
		{31586A3A-403F-4708-8AB3-98BDD2464FA2}.Release|Any CPU.ActiveCfg = Release|Any CPU
		{31586A3A-403F-4708-8AB3-98BDD2464FA2}.Release|Any CPU.Build.0 = Release|Any CPU
		{DA4E713B-375E-4927-BCBA-CD70A9F86E16}.Debug|Any CPU.ActiveCfg = Debug|Any CPU
		{DA4E713B-375E-4927-BCBA-CD70A9F86E16}.Debug|Any CPU.Build.0 = Debug|Any CPU
		{DA4E713B-375E-4927-BCBA-CD70A9F86E16}.Release|Any CPU.ActiveCfg = Release|Any CPU
		{DA4E713B-375E-4927-BCBA-CD70A9F86E16}.Release|Any CPU.Build.0 = Release|Any CPU
	EndGlobalSection
	GlobalSection(SolutionProperties) = preSolution
		HideSolutionNode = FALSE
	EndGlobalSection
	GlobalSection(ExtensibilityGlobals) = postSolution
		SolutionGuid = {1CD44C23-BD05-4FA7-9DFB-E6086BEBFA9D}
	EndGlobalSection
EndGlobal
